// !$*UTF8*$!
{
	archiveVersion = 1;
	classes = {
	};
	objectVersion = 50;
	objects = {

/* Begin PBXBuildFile section */
		892D1D3625907E0C00B6135C /* DeeplinkApp.swift in Sources */ = {isa = PBXBuildFile; fileRef = 892D1D3525907E0C00B6135C /* DeeplinkApp.swift */; };
		892D1D3A25907E0D00B6135C /* Assets.xcassets in Resources */ = {isa = PBXBuildFile; fileRef = 892D1D3925907E0D00B6135C /* Assets.xcassets */; };
		892D1D3D25907E0D00B6135C /* Preview Assets.xcassets in Resources */ = {isa = PBXBuildFile; fileRef = 892D1D3C25907E0D00B6135C /* Preview Assets.xcassets */; };
		892D1D462590812A00B6135C /* AppDelegate.swift in Sources */ = {isa = PBXBuildFile; fileRef = 892D1D452590812A00B6135C /* AppDelegate.swift */; };
		892D1D4C25908D1000B6135C /* RootView.swift in Sources */ = {isa = PBXBuildFile; fileRef = 892D1D4B25908D1000B6135C /* RootView.swift */; };
		892D1D5225908D2200B6135C /* ListView.swift in Sources */ = {isa = PBXBuildFile; fileRef = 892D1D5125908D2200B6135C /* ListView.swift */; };
		892D1D5525908D2B00B6135C /* DetailView.swift in Sources */ = {isa = PBXBuildFile; fileRef = 892D1D5425908D2B00B6135C /* DetailView.swift */; };
		892D1D5925908E5200B6135C /* SettingView.swift in Sources */ = {isa = PBXBuildFile; fileRef = 892D1D5825908E5200B6135C /* SettingView.swift */; };
		892D1D5D2590912B00B6135C /* URL+Extension.swift in Sources */ = {isa = PBXBuildFile; fileRef = 892D1D5C2590912B00B6135C /* URL+Extension.swift */; };
		892D1D60259095CB00B6135C /* PopupView.swift in Sources */ = {isa = PBXBuildFile; fileRef = 892D1D5F259095CB00B6135C /* PopupView.swift */; };
		892D1D642590990300B6135C /* ScreenCoordinator.swift in Sources */ = {isa = PBXBuildFile; fileRef = 892D1D632590990300B6135C /* ScreenCoordinator.swift */; };
/* End PBXBuildFile section */

/* Begin PBXFileReference section */
		892D1D3225907E0C00B6135C /* push-deeplink.app */ = {isa = PBXFileReference; explicitFileType = wrapper.application; includeInIndex = 0; path = "push-deeplink.app"; sourceTree = BUILT_PRODUCTS_DIR; };
		892D1D3525907E0C00B6135C /* DeeplinkApp.swift */ = {isa = PBXFileReference; lastKnownFileType = sourcecode.swift; path = DeeplinkApp.swift; sourceTree = "<group>"; };
		892D1D3925907E0D00B6135C /* Assets.xcassets */ = {isa = PBXFileReference; lastKnownFileType = folder.assetcatalog; path = Assets.xcassets; sourceTree = "<group>"; };
		892D1D3C25907E0D00B6135C /* Preview Assets.xcassets */ = {isa = PBXFileReference; lastKnownFileType = folder.assetcatalog; path = "Preview Assets.xcassets"; sourceTree = "<group>"; };
		892D1D3E25907E0D00B6135C /* Info.plist */ = {isa = PBXFileReference; lastKnownFileType = text.plist.xml; path = Info.plist; sourceTree = "<group>"; };
		892D1D452590812A00B6135C /* AppDelegate.swift */ = {isa = PBXFileReference; lastKnownFileType = sourcecode.swift; path = AppDelegate.swift; sourceTree = "<group>"; };
		892D1D4B25908D1000B6135C /* RootView.swift */ = {isa = PBXFileReference; lastKnownFileType = sourcecode.swift; path = RootView.swift; sourceTree = "<group>"; };
		892D1D5125908D2200B6135C /* ListView.swift */ = {isa = PBXFileReference; lastKnownFileType = sourcecode.swift; path = ListView.swift; sourceTree = "<group>"; };
		892D1D5425908D2B00B6135C /* DetailView.swift */ = {isa = PBXFileReference; lastKnownFileType = sourcecode.swift; path = DetailView.swift; sourceTree = "<group>"; };
		892D1D5825908E5200B6135C /* SettingView.swift */ = {isa = PBXFileReference; lastKnownFileType = sourcecode.swift; path = SettingView.swift; sourceTree = "<group>"; };
		892D1D5C2590912B00B6135C /* URL+Extension.swift */ = {isa = PBXFileReference; lastKnownFileType = sourcecode.swift; path = "URL+Extension.swift"; sourceTree = "<group>"; };
		892D1D5F259095CB00B6135C /* PopupView.swift */ = {isa = PBXFileReference; lastKnownFileType = sourcecode.swift; path = PopupView.swift; sourceTree = "<group>"; };
		892D1D632590990300B6135C /* ScreenCoordinator.swift */ = {isa = PBXFileReference; lastKnownFileType = sourcecode.swift; path = ScreenCoordinator.swift; sourceTree = "<group>"; };
/* End PBXFileReference section */

/* Begin PBXFrameworksBuildPhase section */
		892D1D2F25907E0C00B6135C /* Frameworks */ = {
			isa = PBXFrameworksBuildPhase;
			buildActionMask = 2147483647;
			files = (
			);
			runOnlyForDeploymentPostprocessing = 0;
		};
/* End PBXFrameworksBuildPhase section */

/* Begin PBXGroup section */
		892D1D2925907E0C00B6135C = {
			isa = PBXGroup;
			children = (
				892D1D3425907E0C00B6135C /* push-deeplink */,
				892D1D3325907E0C00B6135C /* Products */,
			);
			sourceTree = "<group>";
		};
		892D1D3325907E0C00B6135C /* Products */ = {
			isa = PBXGroup;
			children = (
				892D1D3225907E0C00B6135C /* push-deeplink.app */,
			);
			name = Products;
			sourceTree = "<group>";
		};
		892D1D3425907E0C00B6135C /* push-deeplink */ = {
			isa = PBXGroup;
			children = (
				892D1D452590812A00B6135C /* AppDelegate.swift */,
				892D1D3525907E0C00B6135C /* DeeplinkApp.swift */,
				892D1D4B25908D1000B6135C /* RootView.swift */,
				892D1D5825908E5200B6135C /* SettingView.swift */,
				892D1D5125908D2200B6135C /* ListView.swift */,
				892D1D5425908D2B00B6135C /* DetailView.swift */,
				892D1D5F259095CB00B6135C /* PopupView.swift */,
				892D1D5C2590912B00B6135C /* URL+Extension.swift */,
				892D1D632590990300B6135C /* ScreenCoordinator.swift */,
				892D1D3925907E0D00B6135C /* Assets.xcassets */,
				892D1D3E25907E0D00B6135C /* Info.plist */,
				892D1D3B25907E0D00B6135C /* Preview Content */,
			);
			path = "push-deeplink";
			sourceTree = "<group>";
		};
		892D1D3B25907E0D00B6135C /* Preview Content */ = {
			isa = PBXGroup;
			children = (
				892D1D3C25907E0D00B6135C /* Preview Assets.xcassets */,
			);
			path = "Preview Content";
			sourceTree = "<group>";
		};
/* End PBXGroup section */

/* Begin PBXNativeTarget section */
		892D1D3125907E0C00B6135C /* push-deeplink */ = {
			isa = PBXNativeTarget;
			buildConfigurationList = 892D1D4125907E0D00B6135C /* Build configuration list for PBXNativeTarget "push-deeplink" */;
			buildPhases = (
				892D1D2E25907E0C00B6135C /* Sources */,
				892D1D2F25907E0C00B6135C /* Frameworks */,
				892D1D3025907E0C00B6135C /* Resources */,
			);
			buildRules = (
			);
			dependencies = (
			);
			name = "push-deeplink";
			productName = "push-deeplink";
			productReference = 892D1D3225907E0C00B6135C /* push-deeplink.app */;
			productType = "com.apple.product-type.application";
		};
/* End PBXNativeTarget section */

/* Begin PBXProject section */
		892D1D2A25907E0C00B6135C /* Project object */ = {
			isa = PBXProject;
			attributes = {
				LastSwiftUpdateCheck = 1220;
				LastUpgradeCheck = 1220;
				TargetAttributes = {
					892D1D3125907E0C00B6135C = {
						CreatedOnToolsVersion = 12.2;
					};
				};
			};
			buildConfigurationList = 892D1D2D25907E0C00B6135C /* Build configuration list for PBXProject "push-deeplink" */;
			compatibilityVersion = "Xcode 9.3";
			developmentRegion = en;
			hasScannedForEncodings = 0;
			knownRegions = (
				en,
				Base,
			);
			mainGroup = 892D1D2925907E0C00B6135C;
			productRefGroup = 892D1D3325907E0C00B6135C /* Products */;
			projectDirPath = "";
			projectRoot = "";
			targets = (
				892D1D3125907E0C00B6135C /* push-deeplink */,
			);
		};
/* End PBXProject section */

/* Begin PBXResourcesBuildPhase section */
		892D1D3025907E0C00B6135C /* Resources */ = {
			isa = PBXResourcesBuildPhase;
			buildActionMask = 2147483647;
			files = (
				892D1D3D25907E0D00B6135C /* Preview Assets.xcassets in Resources */,
				892D1D3A25907E0D00B6135C /* Assets.xcassets in Resources */,
			);
			runOnlyForDeploymentPostprocessing = 0;
		};
/* End PBXResourcesBuildPhase section */

/* Begin PBXSourcesBuildPhase section */
		892D1D2E25907E0C00B6135C /* Sources */ = {
			isa = PBXSourcesBuildPhase;
			buildActionMask = 2147483647;
			files = (
				892D1D4C25908D1000B6135C /* RootView.swift in Sources */,
				892D1D60259095CB00B6135C /* PopupView.swift in Sources */,
				892D1D5225908D2200B6135C /* ListView.swift in Sources */,
				892D1D5525908D2B00B6135C /* DetailView.swift in Sources */,
				892D1D5925908E5200B6135C /* SettingView.swift in Sources */,
				892D1D642590990300B6135C /* ScreenCoordinator.swift in Sources */,
				892D1D462590812A00B6135C /* AppDelegate.swift in Sources */,
				892D1D5D2590912B00B6135C /* URL+Extension.swift in Sources */,
				892D1D3625907E0C00B6135C /* DeeplinkApp.swift in Sources */,
			);
			runOnlyForDeploymentPostprocessing = 0;
		};
/* End PBXSourcesBuildPhase section */

/* Begin XCBuildConfiguration section */
		892D1D3F25907E0D00B6135C /* Debug */ = {
			isa = XCBuildConfiguration;
			buildSettings = {
				ALWAYS_SEARCH_USER_PATHS = NO;
				CLANG_ANALYZER_NONNULL = YES;
				CLANG_ANALYZER_NUMBER_OBJECT_CONVERSION = YES_AGGRESSIVE;
				CLANG_CXX_LANGUAGE_STANDARD = "gnu++14";
				CLANG_CXX_LIBRARY = "libc++";
				CLANG_ENABLE_MODULES = YES;
				CLANG_ENABLE_OBJC_ARC = YES;
				CLANG_ENABLE_OBJC_WEAK = YES;
				CLANG_WARN_BLOCK_CAPTURE_AUTORELEASING = YES;
				CLANG_WARN_BOOL_CONVERSION = YES;
				CLANG_WARN_COMMA = YES;
				CLANG_WARN_CONSTANT_CONVERSION = YES;
				CLANG_WARN_DEPRECATED_OBJC_IMPLEMENTATIONS = YES;
				CLANG_WARN_DIRECT_OBJC_ISA_USAGE = YES_ERROR;
				CLANG_WARN_DOCUMENTATION_COMMENTS = YES;
				CLANG_WARN_EMPTY_BODY = YES;
				CLANG_WARN_ENUM_CONVERSION = YES;
				CLANG_WARN_INFINITE_RECURSION = YES;
				CLANG_WARN_INT_CONVERSION = YES;
				CLANG_WARN_NON_LITERAL_NULL_CONVERSION = YES;
				CLANG_WARN_OBJC_IMPLICIT_RETAIN_SELF = YES;
				CLANG_WARN_OBJC_LITERAL_CONVERSION = YES;
				CLANG_WARN_OBJC_ROOT_CLASS = YES_ERROR;
				CLANG_WARN_QUOTED_INCLUDE_IN_FRAMEWORK_HEADER = YES;
				CLANG_WARN_RANGE_LOOP_ANALYSIS = YES;
				CLANG_WARN_STRICT_PROTOTYPES = YES;
				CLANG_WARN_SUSPICIOUS_MOVE = YES;
				CLANG_WARN_UNGUARDED_AVAILABILITY = YES_AGGRESSIVE;
				CLANG_WARN_UNREACHABLE_CODE = YES;
				CLANG_WARN__DUPLICATE_METHOD_MATCH = YES;
				COPY_PHASE_STRIP = NO;
				DEBUG_INFORMATION_FORMAT = dwarf;
				ENABLE_STRICT_OBJC_MSGSEND = YES;
				ENABLE_TESTABILITY = YES;
				GCC_C_LANGUAGE_STANDARD = gnu11;
				GCC_DYNAMIC_NO_PIC = NO;
				GCC_NO_COMMON_BLOCKS = YES;
				GCC_OPTIMIZATION_LEVEL = 0;
				GCC_PREPROCESSOR_DEFINITIONS = (
					"DEBUG=1",
					"$(inherited)",
				);
				GCC_WARN_64_TO_32_BIT_CONVERSION = YES;
				GCC_WARN_ABOUT_RETURN_TYPE = YES_ERROR;
				GCC_WARN_UNDECLARED_SELECTOR = YES;
				GCC_WARN_UNINITIALIZED_AUTOS = YES_AGGRESSIVE;
				GCC_WARN_UNUSED_FUNCTION = YES;
				GCC_WARN_UNUSED_VARIABLE = YES;
				IPHONEOS_DEPLOYMENT_TARGET = 14.2;
				MTL_ENABLE_DEBUG_INFO = INCLUDE_SOURCE;
				MTL_FAST_MATH = YES;
				ONLY_ACTIVE_ARCH = YES;
				SDKROOT = iphoneos;
				SWIFT_ACTIVE_COMPILATION_CONDITIONS = DEBUG;
				SWIFT_OPTIMIZATION_LEVEL = "-Onone";
			};
			name = Debug;
		};
		892D1D4025907E0D00B6135C /* Release */ = {
			isa = XCBuildConfiguration;
			buildSettings = {
				ALWAYS_SEARCH_USER_PATHS = NO;
				CLANG_ANALYZER_NONNULL = YES;
				CLANG_ANALYZER_NUMBER_OBJECT_CONVERSION = YES_AGGRESSIVE;
				CLANG_CXX_LANGUAGE_STANDARD = "gnu++14";
				CLANG_CXX_LIBRARY = "libc++";
				CLANG_ENABLE_MODULES = YES;
				CLANG_ENABLE_OBJC_ARC = YES;
				CLANG_ENABLE_OBJC_WEAK = YES;
				CLANG_WARN_BLOCK_CAPTURE_AUTORELEASING = YES;
				CLANG_WARN_BOOL_CONVERSION = YES;
				CLANG_WARN_COMMA = YES;
				CLANG_WARN_CONSTANT_CONVERSION = YES;
				CLANG_WARN_DEPRECATED_OBJC_IMPLEMENTATIONS = YES;
				CLANG_WARN_DIRECT_OBJC_ISA_USAGE = YES_ERROR;
				CLANG_WARN_DOCUMENTATION_COMMENTS = YES;
				CLANG_WARN_EMPTY_BODY = YES;
				CLANG_WARN_ENUM_CONVERSION = YES;
				CLANG_WARN_INFINITE_RECURSION = YES;
				CLANG_WARN_INT_CONVERSION = YES;
				CLANG_WARN_NON_LITERAL_NULL_CONVERSION = YES;
				CLANG_WARN_OBJC_IMPLICIT_RETAIN_SELF = YES;
				CLANG_WARN_OBJC_LITERAL_CONVERSION = YES;
				CLANG_WARN_OBJC_ROOT_CLASS = YES_ERROR;
				CLANG_WARN_QUOTED_INCLUDE_IN_FRAMEWORK_HEADER = YES;
				CLANG_WARN_RANGE_LOOP_ANALYSIS = YES;
				CLANG_WARN_STRICT_PROTOTYPES = YES;
				CLANG_WARN_SUSPICIOUS_MOVE = YES;
				CLANG_WARN_UNGUARDED_AVAILABILITY = YES_AGGRESSIVE;
				CLANG_WARN_UNREACHABLE_CODE = YES;
				CLANG_WARN__DUPLICATE_METHOD_MATCH = YES;
				COPY_PHASE_STRIP = NO;
				DEBUG_INFORMATION_FORMAT = "dwarf-with-dsym";
				ENABLE_NS_ASSERTIONS = NO;
				ENABLE_STRICT_OBJC_MSGSEND = YES;
				GCC_C_LANGUAGE_STANDARD = gnu11;
				GCC_NO_COMMON_BLOCKS = YES;
				GCC_WARN_64_TO_32_BIT_CONVERSION = YES;
				GCC_WARN_ABOUT_RETURN_TYPE = YES_ERROR;
				GCC_WARN_UNDECLARED_SELECTOR = YES;
				GCC_WARN_UNINITIALIZED_AUTOS = YES_AGGRESSIVE;
				GCC_WARN_UNUSED_FUNCTION = YES;
				GCC_WARN_UNUSED_VARIABLE = YES;
				IPHONEOS_DEPLOYMENT_TARGET = 14.2;
				MTL_ENABLE_DEBUG_INFO = NO;
				MTL_FAST_MATH = YES;
				SDKROOT = iphoneos;
				SWIFT_COMPILATION_MODE = wholemodule;
				SWIFT_OPTIMIZATION_LEVEL = "-O";
				VALIDATE_PRODUCT = YES;
			};
			name = Release;
		};
		892D1D4225907E0D00B6135C /* Debug */ = {
			isa = XCBuildConfiguration;
			buildSettings = {
				ASSETCATALOG_COMPILER_APPICON_NAME = AppIcon;
				ASSETCATALOG_COMPILER_GLOBAL_ACCENT_COLOR_NAME = AccentColor;
				CODE_SIGN_STYLE = Manual;
				DEVELOPMENT_ASSET_PATHS = "\"push-deeplink/Preview Content\"";
				DEVELOPMENT_TEAM = "";
				ENABLE_PREVIEWS = YES;
				INFOPLIST_FILE = "push-deeplink/Info.plist";
				IPHONEOS_DEPLOYMENT_TARGET = 14.0;
				LD_RUNPATH_SEARCH_PATHS = (
					"$(inherited)",
					"@executable_path/Frameworks",
				);
				PRODUCT_BUNDLE_IDENTIFIER = "com.example.push-deeplink";
				PRODUCT_NAME = "$(TARGET_NAME)";
				PROVISIONING_PROFILE_SPECIFIER = "";
				SWIFT_VERSION = 5.0;
				TARGETED_DEVICE_FAMILY = "1,2";
			};
			name = Debug;
		};
		892D1D4325907E0D00B6135C /* Release */ = {
			isa = XCBuildConfiguration;
			buildSettings = {
				ASSETCATALOG_COMPILER_APPICON_NAME = AppIcon;
				ASSETCATALOG_COMPILER_GLOBAL_ACCENT_COLOR_NAME = AccentColor;
				CODE_SIGN_STYLE = Manual;
				DEVELOPMENT_ASSET_PATHS = "\"push-deeplink/Preview Content\"";
				DEVELOPMENT_TEAM = "";
				ENABLE_PREVIEWS = YES;
				INFOPLIST_FILE = "push-deeplink/Info.plist";
				IPHONEOS_DEPLOYMENT_TARGET = 14.0;
				LD_RUNPATH_SEARCH_PATHS = (
					"$(inherited)",
					"@executable_path/Frameworks",
				);
				PRODUCT_BUNDLE_IDENTIFIER = "com.example.push-deeplink";
				PRODUCT_NAME = "$(TARGET_NAME)";
				PROVISIONING_PROFILE_SPECIFIER = "";
				SWIFT_VERSION = 5.0;
				TARGETED_DEVICE_FAMILY = "1,2";
			};
			name = Release;
		};
/* End XCBuildConfiguration section */

/* Begin XCConfigurationList section */
		892D1D2D25907E0C00B6135C /* Build configuration list for PBXProject "push-deeplink" */ = {
			isa = XCConfigurationList;
			buildConfigurations = (
				892D1D3F25907E0D00B6135C /* Debug */,
				892D1D4025907E0D00B6135C /* Release */,
			);
			defaultConfigurationIsVisible = 0;
			defaultConfigurationName = Release;
		};
		892D1D4125907E0D00B6135C /* Build configuration list for PBXNativeTarget "push-deeplink" */ = {
			isa = XCConfigurationList;
			buildConfigurations = (
				892D1D4225907E0D00B6135C /* Debug */,
				892D1D4325907E0D00B6135C /* Release */,
			);
			defaultConfigurationIsVisible = 0;
			defaultConfigurationName = Release;
		};
/* End XCConfigurationList section */
	};
	rootObject = 892D1D2A25907E0C00B6135C /* Project object */;
}
